github.com/unreal-kz/GoDocumentaionReview/greetings v0.0.0-20220617053220-0cd7d5532dea h1:h1dVQb5aswIRRaaFa2litlS3fmPFR7i/atDNWRAX/vw=
github.com/unreal-kz/GoDocumentaionReview/greetings v0.0.0-20220617053220-0cd7d5532dea/go.mod h1:0GOaqaqO1tbeY2TN9mFG6pPykQmwBfqBVKLOB8aAwxQ=
github.com/unreal-kz/GoDocumentaionReview/greetings v0.0.0-20220617062153-b7acf4deb688 h1:s4vb8i+f4jhnRxwKGH4km137XPhIyHIbxMJGfgzPXf4=
github.com/unreal-kz/GoDocumentaionReview/greetings v0.0.0-20220617062153-b7acf4deb688/go.mod h1:Qfq1mowXGXJAU/vTDsKQiE5vVQ7wuhDamIqBu2aWjds=
github.com/unreal-kz/GoDocumentaionReview/greetings v0.0.0-20220617064007-8b186dca8fa5 h1:9jG8auBc4om/gXLvTjEmF9eCNg1NIJsQG5gN0B/Lft4=
github.com/unreal-kz/GoDocumentaionReview/greetings v0.0.0-20220617064007-8b186dca8fa5/go.mod h1:Qfq1mowXGXJAU/vTDsKQiE5vVQ7wuhDamIqBu2aWjds=
